lockfileVersion: '6.0'

settings:
  autoInstallPeers: true
  excludeLinksFromLockfile: false

dependencies:
  class-variance-authority:
    specifier: ^0.7.0
    version: 0.7.0
  clsx:
    specifier: ^2.0.0
    version: 2.0.0
  lucide-react:
    specifier: ^0.265.0
    version: 0.265.0(react@18.2.0)
  tailwind-merge:
    specifier: ^1.14.0
    version: 1.14.0
  tailwindcss-animate:
    specifier: ^1.0.6
    version: 1.0.6

packages:

  /class-variance-authority@0.7.0:
    resolution: {integrity: sha512-jFI8IQw4hczaL4ALINxqLEXQbWcNjoSkloa4IaufXCJr6QawJyw7tuRysRsrE8w2p/4gGaxKIt/hX3qz/IbD1A==}
    dependencies:
      clsx: 2.0.0
    dev: false

  /clsx@2.0.0:
    resolution: {integrity: sha512-rQ1+kcj+ttHG0MKVGBUXwayCCF1oh39BF5COIpRzuCEv8Mwjv0XucrI2ExNTOn9IlLifGClWQcU9BrZORvtw6Q==}
    engines: {node: '>=6'}
    dev: false

  /js-tokens@4.0.0:
    resolution: {integrity: sha512-RdJUflcE3cUzKiMqQgsCu06FPu9UdIJO0beYbPhHN4k6apgJtifcoCtT9bcxOpYBtpD2kCM6Sbzg4CausW/PKQ==}
    dev: false

  /loose-envify@1.4.0:
    resolution: {integrity: sha512-lyuxPGr/Wfhrlem2CL/UcnUc1zcqKAImBDzukY7Y5F/yQiNdko6+fRLevlw1HgMySw7f611UIY408EtxRSoK3Q==}
    hasBin: true
    dependencies:
      js-tokens: 4.0.0
    dev: false

  /lucide-react@0.265.0(react@18.2.0):
    resolution: {integrity: sha512-znyvziBEUQ7CKR31GiU4viomQbJrpDLG5ac+FajwiZIavC3YbPFLkzQx3dCXT4JWJx/pB34EwmtiZ0ElGZX0PA==}
    peerDependencies:
      react: ^16.5.1 || ^17.0.0 || ^18.0.0
    dependencies:
      react: 18.2.0
    dev: false

  /react@18.2.0:
    resolution: {integrity: sha512-/3IjMdb2L9QbBdWiW5e3P2/npwMBaU9mHCSCUzNln0ZCYbcfTsGbTJrU/kGemdH2IWmB2ioZ+zkxtmq6g09fGQ==}
    engines: {node: '>=0.10.0'}
    dependencies:
      loose-envify: 1.4.0
    dev: false

  /tailwind-merge@1.14.0:
    resolution: {integrity: sha512-3mFKyCo/MBcgyOTlrY8T7odzZFx+w+qKSMAmdFzRvqBfLlSigU6TZnlFHK0lkMwj9Bj8OYU+9yW9lmGuS0QEnQ==}
    dev: false

  /tailwindcss-animate@1.0.6:
    resolution: {integrity: sha512-4WigSGMvbl3gCCact62ZvOngA+PRqhAn7si3TQ3/ZuPuQZcIEtVap+ENSXbzWhpojKB8CpvnIsrwBu8/RnHtuw==}
    peerDependencies:
      tailwindcss: '>=3.0.0 || insiders'
    dev: false
